
Microsoft Visual Studio Solution File, Format Version 12.00
# Visual Studio 14
VisualStudioVersion = 14.0.25123.0
MinimumVisualStudioVersion = 10.0.40219.1
Project("{FAE04EC0-301F-11D3-BF4B-00C04F79EFBC}") = "Twilio.Azure.JWT", "Twilio.Azure.JWT\Twilio.Azure.JWT.csproj", "{8A47F66B-B968-49DD-ADC2-4A93936D2E78}"
EndProject
Project("{33AD0EE8-D99B-4E14-8CD9-3F56ABEF97A2}") = "Token", "Token\Token.funproj", "{FC2D898C-7D66-4BD5-9035-C39924CFA164}"
EndProject
Global
	GlobalSection(SolutionConfigurationPlatforms) = preSolution
		Debug|Any CPU = Debug|Any CPU
		Release|Any CPU = Release|Any CPU
	EndGlobalSection
	GlobalSection(ProjectConfigurationPlatforms) = postSolution
		{8A47F66B-B968-49DD-ADC2-4A93936D2E78}.Debug|Any CPU.ActiveCfg = Debug|Any CPU
		{8A47F66B-B968-49DD-ADC2-4A93936D2E78}.Debug|Any CPU.Build.0 = Debug|Any CPU
		{8A47F66B-B968-49DD-ADC2-4A93936D2E78}.Release|Any CPU.ActiveCfg = Release|Any CPU
		{8A47F66B-B968-49DD-ADC2-4A93936D2E78}.Release|Any CPU.Build.0 = Release|Any CPU
		{FC2D898C-7D66-4BD5-9035-C39924CFA164}.Debug|Any CPU.ActiveCfg = Debug|Any CPU
		{FC2D898C-7D66-4BD5-9035-C39924CFA164}.Debug|Any CPU.Build.0 = Debug|Any CPU
		{FC2D898C-7D66-4BD5-9035-C39924CFA164}.Release|Any CPU.ActiveCfg = Release|Any CPU
		{FC2D898C-7D66-4BD5-9035-C39924CFA164}.Release|Any CPU.Build.0 = Release|Any CPU
	EndGlobalSection
	GlobalSection(SolutionProperties) = preSolution
		HideSolutionNode = FALSE
	EndGlobalSection
EndGlobal
